github.com/pmorjan/kmod v1.1.1 h1:Vfw6bMaOg/sYSBCqJPT9TbqHHf5zK00GbaL5JQLO4r0=
github.com/pmorjan/kmod v1.1.1/go.mod h1:jR4fVosEpQ6b5U0rpxaqoShTDPvCjLIP8vEESZyvnqQ=
golang.org/x/sync v0.16.0 h1:ycBJEhp9p4vXvUZNszeOq0kGTPghopOL8q0fq3vstxw=
golang.org/x/sync v0.16.0/go.mod h1:1dzgHSNfp02xaA81J2MS99Qcpr2w7fw1gpm99rleRqA=
golang.org/x/sys v0.35.0 h1:vz1N37gP5bs89s7He8XuIYXpyY0+QlsKmzipCbUtyxI=
golang.org/x/sys v0.35.0/go.mod h1:BJP2sWEmIv4KK5OTEluFJCKSidICx8ciO85XgH3Ak8k=
