github.com/google/go-cmp v0.5.9 h1:O2Tfq5qg4qc4AmwVlvv0oLiVAGB7enBSJ2x2DqQFi38=
github.com/google/go-cmp v0.5.9/go.mod h1:17dUlkBOakJ0+DkrSSNjCkIjxS6bF9zb3elmeNGIjoY=
github.com/google/go-tpm v0.9.0 h1:sQF6YqWMi+SCXpsmS3fd21oPy/vSddwZry4JnmltHVk=
github.com/google/go-tpm v0.9.0/go.mod h1:FkNVkc6C+IsvDI9Jw1OveJmxGZUUaKxtrpOS47QWKfU=
github.com/lf-edge/eve/api/go v0.0.0-20230726103732-fec97665f8c9 h1:MUdEoZ6xqLJ1zHrD2bZw8YEH43HhCJMUT0GNzrVsQtQ=
github.com/lf-edge/eve/api/go v0.0.0-20230726103732-fec97665f8c9/go.mod h1:pNFho84HAA/Vlb1DpLFlatJgQBJ43wH28elAs7wXdtA=
golang.org/x/sys v0.8.0 h1:EBmGv8NaZBZTWvrbjNoL6HVt+IVy3QDQpJs7VRIw3tU=
golang.org/x/sys v0.8.0/go.mod h1:oPkhp1MJrh7nUepCBck5+mAzfO9JrbApNNgaTdGDITg=
google.golang.org/protobuf v1.32.0 h1:pPC6BG5ex8PDFnkbrGU3EixyhKcQ2aDuBS36lqK/C7I=
google.golang.org/protobuf v1.32.0/go.mod h1:c6P6GXX6sHbq/GpV6MGZEdwhWPcYBgnhAHhKbcUYpos=
