github.com/VictorLowther/godmi v0.0.0-20190311134151-270258a8252d h1:URZ+tLrpKWG8PgJF4fLhjwx5OST48vOMtzcig71FbbQ=
github.com/VictorLowther/godmi v0.0.0-20190311134151-270258a8252d/go.mod h1:JiYtLLi0v25VZLHRInc/p4CtOCFXUPKb9Q7vNQ6rqyk=
github.com/ochapman/godmi v0.0.0-20140902235245-2527e2081a16 h1:8nE+JVJKBdQQcCoN5+Ot/5fvWnHLTPwEUKB2BdQbtnQ=
github.com/ochapman/godmi v0.0.0-20140902235245-2527e2081a16/go.mod h1:6drL9Sps4MUKpxCBsFZ6MRNH2Q12s6AbjlHEWim9nl8=
